{
  "version": 4,
  "terraform_version": "1.5.2",
  "serial": 229,
  "lineage": "24393240-e1d0-6aea-ee29-e26b4085824f",
  "outputs": {},
  "resources": [
    {
      "mode": "data",
      "type": "keycloak_openid_client",
      "name": "realm_management",
      "provider": "provider[\"registry.terraform.io/mrparkers/keycloak\"]",
      "instances": [
        {
          "schema_version": 0,
          "attributes": {
            "access_token_lifespan": "",
            "access_type": "BEARER-ONLY",
            "admin_url": "",
            "authentication_flow_binding_overrides": [],
            "authorization": [],
            "backchannel_logout_revoke_offline_sessions": false,
            "backchannel_logout_session_required": false,
            "backchannel_logout_url": "",
            "base_url": "",
            "client_authenticator_type": "client-secret",
            "client_id": "realm-management",
            "client_offline_session_idle_timeout": "",
            "client_offline_session_max_lifespan": "",
            "client_secret": "",
            "client_session_idle_timeout": "",
            "client_session_max_lifespan": "",
            "consent_required": false,
            "consent_screen_text": "",
            "description": "",
            "direct_access_grants_enabled": false,
            "display_on_consent_screen": false,
            "enabled": true,
            "exclude_session_state_from_auth_response": null,
            "extra_config": {},
            "frontchannel_logout_enabled": false,
            "frontchannel_logout_url": "",
            "full_scope_allowed": false,
            "id": "675b0d6e-512e-4076-95c0-0cdf97fc0100",
            "implicit_flow_enabled": false,
            "login_theme": "",
            "name": "${client_realm-management}",
            "oauth2_device_authorization_grant_enabled": false,
            "oauth2_device_code_lifespan": "",
            "oauth2_device_polling_interval": "",
            "pkce_code_challenge_method": null,
            "realm_id": "demo-realm",
            "resource_server_id": null,
            "root_url": "",
            "service_account_user_id": "",
            "service_accounts_enabled": false,
            "standard_flow_enabled": true,
            "use_refresh_tokens": false,
            "use_refresh_tokens_client_credentials": false,
            "valid_post_logout_redirect_uris": [],
            "valid_redirect_uris": [],
            "web_origins": []
          },
          "sensitive_attributes": []
        }
      ]
    },
    {
      "mode": "data",
      "type": "keycloak_role",
      "name": "manage_users",
      "provider": "provider[\"registry.terraform.io/mrparkers/keycloak\"]",
      "instances": [
        {
          "schema_version": 0,
          "attributes": {
            "attributes": {},
            "client_id": "675b0d6e-512e-4076-95c0-0cdf97fc0100",
            "composite_roles": [],
            "description": "${role_manage-users}",
            "id": "5ee68c53-14b4-4fa0-89de-77ffe989147b",
            "name": "manage-users",
            "realm_id": "demo-realm"
          },
          "sensitive_attributes": []
        }
      ]
    },
    {
      "mode": "managed",
      "type": "keycloak_openid_audience_protocol_mapper",
      "name": "demo_client_aud_mapper",
      "provider": "provider[\"registry.terraform.io/mrparkers/keycloak\"]",
      "instances": [
        {
          "schema_version": 0,
          "attributes": {
            "add_to_access_token": true,
            "add_to_id_token": true,
            "client_id": "581fa6f6-c11e-4da6-b93a-fc962e13f7d7",
            "client_scope_id": null,
            "id": "53a0464a-7694-4793-97b9-eed5f3791f94",
            "included_client_audience": null,
            "included_custom_audience": "demo-client",
            "name": "demo-client",
            "realm_id": "demo-realm"
          },
          "sensitive_attributes": [],
          "private": "bnVsbA==",
          "dependencies": [
            "keycloak_openid_client.demo_openid_client",
            "keycloak_realm.demo_realm"
          ]
        }
      ]
    },
    {
      "mode": "managed",
      "type": "keycloak_openid_client",
      "name": "demo_openid_client",
      "provider": "provider[\"registry.terraform.io/mrparkers/keycloak\"]",
      "instances": [
        {
          "schema_version": 0,
          "attributes": {
            "access_token_lifespan": "",
            "access_type": "CONFIDENTIAL",
            "admin_url": "",
            "authentication_flow_binding_overrides": [],
            "authorization": [],
            "backchannel_logout_revoke_offline_sessions": false,
            "backchannel_logout_session_required": true,
            "backchannel_logout_url": "",
            "base_url": "",
            "client_authenticator_type": "client-secret",
            "client_id": "demo-client",
            "client_offline_session_idle_timeout": "",
            "client_offline_session_max_lifespan": "",
            "client_secret": "1c4fe703-55f0-485c-a870-8f7480a6c1eb",
            "client_session_idle_timeout": "",
            "client_session_max_lifespan": "",
            "consent_required": false,
            "consent_screen_text": "",
            "description": "",
            "direct_access_grants_enabled": true,
            "display_on_consent_screen": false,
            "enabled": true,
            "exclude_session_state_from_auth_response": null,
            "extra_config": {
              "key1": "value1",
              "key2": "value2"
            },
            "frontchannel_logout_enabled": false,
            "frontchannel_logout_url": "",
            "full_scope_allowed": true,
            "id": "581fa6f6-c11e-4da6-b93a-fc962e13f7d7",
            "implicit_flow_enabled": false,
            "import": false,
            "login_theme": "keycloak",
            "name": "Demo Client",
            "oauth2_device_authorization_grant_enabled": false,
            "oauth2_device_code_lifespan": "",
            "oauth2_device_polling_interval": "",
            "pkce_code_challenge_method": "S256",
            "realm_id": "demo-realm",
            "resource_server_id": null,
            "root_url": "",
            "service_account_user_id": "",
            "service_accounts_enabled": false,
            "standard_flow_enabled": true,
            "use_refresh_tokens": true,
            "use_refresh_tokens_client_credentials": false,
            "valid_post_logout_redirect_uris": [],
            "valid_redirect_uris": [
              "http://localhost:8080/oauth2/callback"
            ],
            "web_origins": []
          },
          "sensitive_attributes": [
            [
              {
                "type": "get_attr",
                "value": "client_secret"
              }
            ]
          ],
          "private": "bnVsbA==",
          "dependencies": [
            "keycloak_realm.demo_realm"
          ]
        }
      ]
    },
    {
      "mode": "managed",
      "type": "keycloak_openid_client",
      "name": "demo_sa_openid_client",
      "provider": "provider[\"registry.terraform.io/mrparkers/keycloak\"]",
      "instances": [
        {
          "schema_version": 0,
          "attributes": {
            "access_token_lifespan": "",
            "access_type": "CONFIDENTIAL",
            "admin_url": "",
            "authentication_flow_binding_overrides": [],
            "authorization": [],
            "backchannel_logout_revoke_offline_sessions": false,
            "backchannel_logout_session_required": true,
            "backchannel_logout_url": "",
            "base_url": "",
            "client_authenticator_type": "client-secret",
            "client_id": "demo-sa-client",
            "client_offline_session_idle_timeout": "",
            "client_offline_session_max_lifespan": "",
            "client_secret": "1c4fe703-55f0-485c-a870-8f7480a6c1eb",
            "client_session_idle_timeout": "",
            "client_session_max_lifespan": "",
            "consent_required": false,
            "consent_screen_text": "",
            "description": "",
            "direct_access_grants_enabled": false,
            "display_on_consent_screen": false,
            "enabled": true,
            "exclude_session_state_from_auth_response": null,
            "extra_config": {},
            "frontchannel_logout_enabled": false,
            "frontchannel_logout_url": "",
            "full_scope_allowed": true,
            "id": "29f3270f-a8ac-4fe4-8dcd-bcfd0b6d7345",
            "implicit_flow_enabled": false,
            "import": false,
            "login_theme": "",
            "name": "Demo SA Client",
            "oauth2_device_authorization_grant_enabled": false,
            "oauth2_device_code_lifespan": "",
            "oauth2_device_polling_interval": "",
            "pkce_code_challenge_method": null,
            "realm_id": "demo-realm",
            "resource_server_id": null,
            "root_url": "",
            "service_account_user_id": "b2532fb9-3370-4a45-bd47-1e4e0ec13bd0",
            "service_accounts_enabled": true,
            "standard_flow_enabled": false,
            "use_refresh_tokens": true,
            "use_refresh_tokens_client_credentials": false,
            "valid_post_logout_redirect_uris": [],
            "valid_redirect_uris": [],
            "web_origins": []
          },
          "sensitive_attributes": [
            [
              {
                "type": "get_attr",
                "value": "client_secret"
              }
            ]
          ],
          "private": "bnVsbA==",
          "dependencies": [
            "keycloak_realm.demo_realm"
          ]
        }
      ]
    },
    {
      "mode": "managed",
      "type": "keycloak_openid_client_service_account_role",
      "name": "demo_sa_manage_users",
      "provider": "provider[\"registry.terraform.io/mrparkers/keycloak\"]",
      "instances": [
        {
          "schema_version": 0,
          "attributes": {
            "client_id": "675b0d6e-512e-4076-95c0-0cdf97fc0100",
            "id": "b2532fb9-3370-4a45-bd47-1e4e0ec13bd0/5ee68c53-14b4-4fa0-89de-77ffe989147b",
            "realm_id": "demo-realm",
            "role": "manage-users",
            "service_account_user_id": "b2532fb9-3370-4a45-bd47-1e4e0ec13bd0"
          },
          "sensitive_attributes": [],
          "private": "bnVsbA==",
          "dependencies": [
            "data.keycloak_openid_client.realm_management",
            "data.keycloak_role.manage_users",
            "keycloak_openid_client.demo_sa_openid_client",
            "keycloak_realm.demo_realm"
          ]
        }
      ]
    },
    {
      "mode": "managed",
      "type": "keycloak_realm",
      "name": "demo_realm",
      "provider": "provider[\"registry.terraform.io/mrparkers/keycloak\"]",
      "instances": [
        {
          "schema_version": 0,
          "attributes": {
            "access_code_lifespan": "1h0m0s",
            "access_code_lifespan_login": "30m0s",
            "access_code_lifespan_user_action": "5m0s",
            "access_token_lifespan": "1h0m0s",
            "access_token_lifespan_for_implicit_flow": "15m0s",
            "account_theme": "keycloak.v3",
            "action_token_generated_by_admin_lifespan": "12h0m0s",
            "action_token_generated_by_user_lifespan": "5m0s",
            "admin_theme": "keycloak.v2",
            "attributes": {
              "middleName": "Middle name",
              "phoneNumber": "Phone number"
            },
            "browser_flow": "browser",
            "client_authentication_flow": "clients",
            "client_session_idle_timeout": "0s",
            "client_session_max_lifespan": "0s",
            "default_default_client_scopes": [],
            "default_optional_client_scopes": [],
            "default_signature_algorithm": "",
            "direct_grant_flow": "direct grant",
            "display_name": "Demo Realm",
            "display_name_html": "\u003cb\u003eDemo Realm\u003c/b\u003e",
            "docker_authentication_flow": "docker auth",
            "duplicate_emails_allowed": false,
            "edit_username_allowed": false,
            "email_theme": "keycloak",
            "enabled": true,
            "id": "demo-realm",
            "internal_id": "demo-realm",
            "internationalization": [
              {
                "default_locale": "en",
                "supported_locales": [
                  "de",
                  "en",
                  "es"
                ]
              }
            ],
            "login_theme": "keycloak",
            "login_with_email_allowed": false,
            "oauth2_device_code_lifespan": "10m0s",
            "oauth2_device_polling_interval": 5,
            "offline_session_idle_timeout": "720h0m0s",
            "offline_session_max_lifespan": "1440h0m0s",
            "offline_session_max_lifespan_enabled": false,
            "otp_policy": [
              {
                "algorithm": "HmacSHA1",
                "digits": 6,
                "initial_counter": 0,
                "look_ahead_window": 1,
                "period": 30,
                "type": "totp"
              }
            ],
            "password_policy": "upperCase(1) and length(8) and forceExpiredPasswordChange(365) and notUsername",
            "realm": "demo-realm",
            "refresh_token_max_reuse": 1,
            "registration_allowed": false,
            "registration_email_as_username": false,
            "registration_flow": "registration",
            "remember_me": false,
            "reset_credentials_flow": "reset credentials",
            "reset_password_allowed": false,
            "revoke_refresh_token": false,
            "security_defenses": [
              {
                "brute_force_detection": [
                  {
                    "failure_reset_time_seconds": 43200,
                    "max_failure_wait_seconds": 900,
                    "max_login_failures": 30,
                    "minimum_quick_login_wait_seconds": 60,
                    "permanent_lockout": false,
                    "quick_login_check_milli_seconds": 1000,
                    "wait_increment_seconds": 60
                  }
                ],
                "headers": [
                  {
                    "content_security_policy": "frame-src 'self'; frame-ancestors 'self'; object-src 'none';",
                    "content_security_policy_report_only": "",
                    "strict_transport_security": "max-age=31536000; includeSubDomains",
                    "x_content_type_options": "nosniff",
                    "x_frame_options": "DENY",
                    "x_robots_tag": "none",
                    "x_xss_protection": "1; mode=block"
                  }
                ]
              }
            ],
            "smtp_server": [
              {
                "auth": [
                  {
                    "password": "**********",
                    "username": "tom"
                  }
                ],
                "envelope_from": "",
                "from": "example@example.com",
                "from_display_name": "",
                "host": "smtp.example.com",
                "port": "",
                "reply_to": "",
                "reply_to_display_name": "",
                "ssl": false,
                "starttls": false
              }
            ],
            "ssl_required": "external",
            "sso_session_idle_timeout": "30m0s",
            "sso_session_idle_timeout_remember_me": "0s",
            "sso_session_max_lifespan": "10h0m0s",
            "sso_session_max_lifespan_remember_me": "0s",
            "user_managed_access": false,
            "verify_email": false,
            "web_authn_passwordless_policy": [
              {
                "acceptable_aaguids": [],
                "attestation_conveyance_preference": "not specified",
                "authenticator_attachment": "not specified",
                "avoid_same_authenticator_register": false,
                "create_timeout": 0,
                "relying_party_entity_name": "keycloak",
                "relying_party_id": "",
                "require_resident_key": "not specified",
                "signature_algorithms": [
                  "ES256"
                ],
                "user_verification_requirement": "not specified"
              }
            ],
            "web_authn_policy": [
              {
                "acceptable_aaguids": [],
                "attestation_conveyance_preference": "not specified",
                "authenticator_attachment": "not specified",
                "avoid_same_authenticator_register": false,
                "create_timeout": 0,
                "relying_party_entity_name": "Example",
                "relying_party_id": "keycloak.example.com",
                "require_resident_key": "not specified",
                "signature_algorithms": [
                  "ES256",
                  "RS256"
                ],
                "user_verification_requirement": "not specified"
              }
            ]
          },
          "sensitive_attributes": [],
          "private": "bnVsbA=="
        }
      ]
    },
    {
      "mode": "managed",
      "type": "keycloak_role",
      "name": "admin_role",
      "provider": "provider[\"registry.terraform.io/mrparkers/keycloak\"]",
      "instances": [
        {
          "schema_version": 0,
          "attributes": {
            "attributes": {},
            "client_id": "581fa6f6-c11e-4da6-b93a-fc962e13f7d7",
            "composite_roles": [
              "48686d68-7869-4cbf-8559-5427a1c3e074",
              "4f03ed76-652c-4ed8-ab9b-7ac43aa2d951"
            ],
            "description": "Admin Role (Instructor and Student)",
            "id": "7082ca37-f89d-4c9d-a364-c6f28dfcc4d1",
            "name": "course-admin",
            "realm_id": "demo-realm"
          },
          "sensitive_attributes": [],
          "private": "bnVsbA==",
          "dependencies": [
            "keycloak_openid_client.demo_openid_client",
            "keycloak_realm.demo_realm",
            "keycloak_role.demo_instructor_role",
            "keycloak_role.demo_student_role"
          ]
        }
      ]
    },
    {
      "mode": "managed",
      "type": "keycloak_role",
      "name": "demo_instructor_role",
      "provider": "provider[\"registry.terraform.io/mrparkers/keycloak\"]",
      "instances": [
        {
          "schema_version": 0,
          "attributes": {
            "attributes": {},
            "client_id": "581fa6f6-c11e-4da6-b93a-fc962e13f7d7",
            "composite_roles": null,
            "description": "Instructor role",
            "id": "4f03ed76-652c-4ed8-ab9b-7ac43aa2d951",
            "name": "instructor",
            "realm_id": "demo-realm"
          },
          "sensitive_attributes": [],
          "private": "bnVsbA==",
          "dependencies": [
            "keycloak_openid_client.demo_openid_client",
            "keycloak_realm.demo_realm"
          ]
        }
      ]
    },
    {
      "mode": "managed",
      "type": "keycloak_role",
      "name": "demo_student_role",
      "provider": "provider[\"registry.terraform.io/mrparkers/keycloak\"]",
      "instances": [
        {
          "schema_version": 0,
          "attributes": {
            "attributes": {},
            "client_id": "581fa6f6-c11e-4da6-b93a-fc962e13f7d7",
            "composite_roles": null,
            "description": "Student role",
            "id": "48686d68-7869-4cbf-8559-5427a1c3e074",
            "name": "student",
            "realm_id": "demo-realm"
          },
          "sensitive_attributes": [],
          "private": "bnVsbA==",
          "dependencies": [
            "keycloak_openid_client.demo_openid_client",
            "keycloak_realm.demo_realm"
          ]
        }
      ]
    }
  ],
  "check_results": null
}
